
Microsoft Visual Studio Solution File, Format Version 12.00
# Visual Studio Version 16
VisualStudioVersion = 16.0.30204.135
MinimumVisualStudioVersion = 10.0.40219.1
Project("{9A19103F-16F7-4668-BE54-9A1E7A4F7556}") = "4zadanie", "4zadanie.csproj", "{99A821EC-A828-4C67-8158-B9CE5FE97726}"
EndProject
Global
	GlobalSection(SolutionConfigurationPlatforms) = preSolution
		Debug|Any CPU = Debug|Any CPU
		Release|Any CPU = Release|Any CPU
	EndGlobalSection
	GlobalSection(ProjectConfigurationPlatforms) = postSolution
		{99A821EC-A828-4C67-8158-B9CE5FE97726}.Debug|Any CPU.ActiveCfg = Debug|Any CPU
		{99A821EC-A828-4C67-8158-B9CE5FE97726}.Debug|Any CPU.Build.0 = Debug|Any CPU
		{99A821EC-A828-4C67-8158-B9CE5FE97726}.Release|Any CPU.ActiveCfg = Release|Any CPU
		{99A821EC-A828-4C67-8158-B9CE5FE97726}.Release|Any CPU.Build.0 = Release|Any CPU
	EndGlobalSection
	GlobalSection(SolutionProperties) = preSolution
		HideSolutionNode = FALSE
	EndGlobalSection
	GlobalSection(ExtensibilityGlobals) = postSolution
		SolutionGuid = {055A0A5F-35A6-47CD-8233-807439DDB463}
	EndGlobalSection
EndGlobal
